
Microsoft Visual Studio Solution File, Format Version 12.00
# Visual Studio Version 17
VisualStudioVersion = 17.7.34031.279
MinimumVisualStudioVersion = 10.0.40219.1
Project("{FAE04EC0-301F-11D3-BF4B-00C04F79EFBC}") = "QueueSender", "QueueSender\QueueSender.csproj", "{97CC87BE-4398-4A86-A8A1-611104D81164}"
EndProject
Project("{FAE04EC0-301F-11D3-BF4B-00C04F79EFBC}") = "QueueReceiver", "QueueReceiver\QueueReceiver.csproj", "{429393F5-2E55-4C92-9782-F0CA47D20282}"
EndProject
Global
	GlobalSection(SolutionConfigurationPlatforms) = preSolution
		Debug|Any CPU = Debug|Any CPU
		Release|Any CPU = Release|Any CPU
	EndGlobalSection
	GlobalSection(ProjectConfigurationPlatforms) = postSolution
		{97CC87BE-4398-4A86-A8A1-611104D81164}.Debug|Any CPU.ActiveCfg = Debug|Any CPU
		{97CC87BE-4398-4A86-A8A1-611104D81164}.Debug|Any CPU.Build.0 = Debug|Any CPU
		{97CC87BE-4398-4A86-A8A1-611104D81164}.Release|Any CPU.ActiveCfg = Release|Any CPU
		{97CC87BE-4398-4A86-A8A1-611104D81164}.Release|Any CPU.Build.0 = Release|Any CPU
		{429393F5-2E55-4C92-9782-F0CA47D20282}.Debug|Any CPU.ActiveCfg = Debug|Any CPU
		{429393F5-2E55-4C92-9782-F0CA47D20282}.Debug|Any CPU.Build.0 = Debug|Any CPU
		{429393F5-2E55-4C92-9782-F0CA47D20282}.Release|Any CPU.ActiveCfg = Release|Any CPU
		{429393F5-2E55-4C92-9782-F0CA47D20282}.Release|Any CPU.Build.0 = Release|Any CPU
	EndGlobalSection
	GlobalSection(SolutionProperties) = preSolution
		HideSolutionNode = FALSE
	EndGlobalSection
	GlobalSection(ExtensibilityGlobals) = postSolution
		SolutionGuid = {54BAFA3D-C484-4AD5-AE6C-50AD04630AE1}
	EndGlobalSection
EndGlobal
